
Microsoft Visual Studio Solution File, Format Version 12.00
# Visual Studio Version 16
VisualStudioVersion = 16.0.32002.261
MinimumVisualStudioVersion = 10.0.40219.1
Project("{9A19103F-16F7-4668-BE54-9A1E7A4F7556}") = "Super Market", "System Market\Super Market.csproj", "{24843B9D-77CC-4FCF-8447-3CC4A1C55B61}"
EndProject
Global
	GlobalSection(SolutionConfigurationPlatforms) = preSolution
		Debug|Any CPU = Debug|Any CPU
		Release|Any CPU = Release|Any CPU
	EndGlobalSection
	GlobalSection(ProjectConfigurationPlatforms) = postSolution
		{24843B9D-77CC-4FCF-8447-3CC4A1C55B61}.Debug|Any CPU.ActiveCfg = Debug|Any CPU
		{24843B9D-77CC-4FCF-8447-3CC4A1C55B61}.Debug|Any CPU.Build.0 = Debug|Any CPU
		{24843B9D-77CC-4FCF-8447-3CC4A1C55B61}.Release|Any CPU.ActiveCfg = Release|Any CPU
		{24843B9D-77CC-4FCF-8447-3CC4A1C55B61}.Release|Any CPU.Build.0 = Release|Any CPU
	EndGlobalSection
	GlobalSection(SolutionProperties) = preSolution
		HideSolutionNode = FALSE
	EndGlobalSection
	GlobalSection(ExtensibilityGlobals) = postSolution
		SolutionGuid = {5FE6074E-B2FD-4765-8E98-009A99FF2A03}
	EndGlobalSection
EndGlobal
